
Microsoft Visual Studio Solution File, Format Version 12.00
# Visual Studio Version 16
VisualStudioVersion = 16.0.31205.134
MinimumVisualStudioVersion = 10.0.40219.1
Project("{FAE04EC0-301F-11D3-BF4B-00C04F79EFBC}") = "DateTimeDemo", "DateTimeDemo\DateTimeDemo.csproj", "{0132FE34-27C7-4347-876A-7CD4D287CDBE}"
EndProject
Global
	GlobalSection(SolutionConfigurationPlatforms) = preSolution
		Debug|Any CPU = Debug|Any CPU
		Release|Any CPU = Release|Any CPU
	EndGlobalSection
	GlobalSection(ProjectConfigurationPlatforms) = postSolution
		{0132FE34-27C7-4347-876A-7CD4D287CDBE}.Debug|Any CPU.ActiveCfg = Debug|Any CPU
		{0132FE34-27C7-4347-876A-7CD4D287CDBE}.Debug|Any CPU.Build.0 = Debug|Any CPU
		{0132FE34-27C7-4347-876A-7CD4D287CDBE}.Release|Any CPU.ActiveCfg = Release|Any CPU
		{0132FE34-27C7-4347-876A-7CD4D287CDBE}.Release|Any CPU.Build.0 = Release|Any CPU
	EndGlobalSection
	GlobalSection(SolutionProperties) = preSolution
		HideSolutionNode = FALSE
	EndGlobalSection
	GlobalSection(ExtensibilityGlobals) = postSolution
		SolutionGuid = {EF434519-6545-4835-847E-1F78445CDD19}
	EndGlobalSection
EndGlobal
