
Microsoft Visual Studio Solution File, Format Version 12.00
# Visual Studio Version 16
VisualStudioVersion = 16.0.31205.134
MinimumVisualStudioVersion = 10.0.40219.1
Project("{FAE04EC0-301F-11D3-BF4B-00C04F79EFBC}") = "Tomfoolery", "Tomfoolery\Tomfoolery.csproj", "{784705E0-BC78-4DAE-BDD0-9874CD8091BC}"
EndProject
Global
	GlobalSection(SolutionConfigurationPlatforms) = preSolution
		Debug|Any CPU = Debug|Any CPU
		Release|Any CPU = Release|Any CPU
	EndGlobalSection
	GlobalSection(ProjectConfigurationPlatforms) = postSolution
		{784705E0-BC78-4DAE-BDD0-9874CD8091BC}.Debug|Any CPU.ActiveCfg = Debug|Any CPU
		{784705E0-BC78-4DAE-BDD0-9874CD8091BC}.Debug|Any CPU.Build.0 = Debug|Any CPU
		{784705E0-BC78-4DAE-BDD0-9874CD8091BC}.Release|Any CPU.ActiveCfg = Release|Any CPU
		{784705E0-BC78-4DAE-BDD0-9874CD8091BC}.Release|Any CPU.Build.0 = Release|Any CPU
	EndGlobalSection
	GlobalSection(SolutionProperties) = preSolution
		HideSolutionNode = FALSE
	EndGlobalSection
	GlobalSection(ExtensibilityGlobals) = postSolution
		SolutionGuid = {5F78DDD2-F7F8-4FA3-8F64-77A0BA964382}
	EndGlobalSection
EndGlobal
