
Microsoft Visual Studio Solution File, Format Version 12.00
# Visual Studio Version 16
VisualStudioVersion = 16.0.31205.134
MinimumVisualStudioVersion = 10.0.40219.1
Project("{FAE04EC0-301F-11D3-BF4B-00C04F79EFBC}") = "InheritanceDemo", "InheritanceDemo\InheritanceDemo.csproj", "{B27061E9-4754-4052-9BC5-FB038099539F}"
EndProject
Global
	GlobalSection(SolutionConfigurationPlatforms) = preSolution
		Debug|Any CPU = Debug|Any CPU
		Release|Any CPU = Release|Any CPU
	EndGlobalSection
	GlobalSection(ProjectConfigurationPlatforms) = postSolution
		{B27061E9-4754-4052-9BC5-FB038099539F}.Debug|Any CPU.ActiveCfg = Debug|Any CPU
		{B27061E9-4754-4052-9BC5-FB038099539F}.Debug|Any CPU.Build.0 = Debug|Any CPU
		{B27061E9-4754-4052-9BC5-FB038099539F}.Release|Any CPU.ActiveCfg = Release|Any CPU
		{B27061E9-4754-4052-9BC5-FB038099539F}.Release|Any CPU.Build.0 = Release|Any CPU
	EndGlobalSection
	GlobalSection(SolutionProperties) = preSolution
		HideSolutionNode = FALSE
	EndGlobalSection
	GlobalSection(ExtensibilityGlobals) = postSolution
		SolutionGuid = {2FC78230-5F02-4367-8F99-3804EC697DCC}
	EndGlobalSection
EndGlobal
