
Microsoft Visual Studio Solution File, Format Version 12.00
# Visual Studio Version 16
VisualStudioVersion = 16.0.31321.278
MinimumVisualStudioVersion = 10.0.40219.1
Project("{FAE04EC0-301F-11D3-BF4B-00C04F79EFBC}") = "CarInsurance", "CarInsurance\CarInsurance.csproj", "{86FF24FC-348B-4C3B-B788-80EE056E2FFA}"
EndProject
Global
	GlobalSection(SolutionConfigurationPlatforms) = preSolution
		Debug|Any CPU = Debug|Any CPU
		Release|Any CPU = Release|Any CPU
	EndGlobalSection
	GlobalSection(ProjectConfigurationPlatforms) = postSolution
		{86FF24FC-348B-4C3B-B788-80EE056E2FFA}.Debug|Any CPU.ActiveCfg = Debug|Any CPU
		{86FF24FC-348B-4C3B-B788-80EE056E2FFA}.Debug|Any CPU.Build.0 = Debug|Any CPU
		{86FF24FC-348B-4C3B-B788-80EE056E2FFA}.Release|Any CPU.ActiveCfg = Release|Any CPU
		{86FF24FC-348B-4C3B-B788-80EE056E2FFA}.Release|Any CPU.Build.0 = Release|Any CPU
	EndGlobalSection
	GlobalSection(SolutionProperties) = preSolution
		HideSolutionNode = FALSE
	EndGlobalSection
	GlobalSection(ExtensibilityGlobals) = postSolution
		SolutionGuid = {CC4F67CB-185A-47F7-A86C-0D661AF2D914}
	EndGlobalSection
EndGlobal
