
Microsoft Visual Studio Solution File, Format Version 12.00
# Visual Studio Version 16
VisualStudioVersion = 16.0.31205.134
MinimumVisualStudioVersion = 10.0.40219.1
Project("{FAE04EC0-301F-11D3-BF4B-00C04F79EFBC}") = "LambdaDemo", "LambdaDemo\LambdaDemo.csproj", "{4584E1F7-AC36-4604-9340-E29DFD6B0C85}"
EndProject
Global
	GlobalSection(SolutionConfigurationPlatforms) = preSolution
		Debug|Any CPU = Debug|Any CPU
		Release|Any CPU = Release|Any CPU
	EndGlobalSection
	GlobalSection(ProjectConfigurationPlatforms) = postSolution
		{4584E1F7-AC36-4604-9340-E29DFD6B0C85}.Debug|Any CPU.ActiveCfg = Debug|Any CPU
		{4584E1F7-AC36-4604-9340-E29DFD6B0C85}.Debug|Any CPU.Build.0 = Debug|Any CPU
		{4584E1F7-AC36-4604-9340-E29DFD6B0C85}.Release|Any CPU.ActiveCfg = Release|Any CPU
		{4584E1F7-AC36-4604-9340-E29DFD6B0C85}.Release|Any CPU.Build.0 = Release|Any CPU
	EndGlobalSection
	GlobalSection(SolutionProperties) = preSolution
		HideSolutionNode = FALSE
	EndGlobalSection
	GlobalSection(ExtensibilityGlobals) = postSolution
		SolutionGuid = {18185FFA-B068-4112-843E-8299CBA069BD}
	EndGlobalSection
EndGlobal
