
Microsoft Visual Studio Solution File, Format Version 12.00
# Visual Studio Version 16
VisualStudioVersion = 16.0.31321.278
MinimumVisualStudioVersion = 10.0.40219.1
Project("{FAE04EC0-301F-11D3-BF4B-00C04F79EFBC}") = "CodeFirstApp", "CodeFirstApp\CodeFirstApp.csproj", "{4168F0C1-18FE-4FFF-9A3B-EAF7F28231BC}"
EndProject
Global
	GlobalSection(SolutionConfigurationPlatforms) = preSolution
		Debug|Any CPU = Debug|Any CPU
		Release|Any CPU = Release|Any CPU
	EndGlobalSection
	GlobalSection(ProjectConfigurationPlatforms) = postSolution
		{4168F0C1-18FE-4FFF-9A3B-EAF7F28231BC}.Debug|Any CPU.ActiveCfg = Debug|Any CPU
		{4168F0C1-18FE-4FFF-9A3B-EAF7F28231BC}.Debug|Any CPU.Build.0 = Debug|Any CPU
		{4168F0C1-18FE-4FFF-9A3B-EAF7F28231BC}.Release|Any CPU.ActiveCfg = Release|Any CPU
		{4168F0C1-18FE-4FFF-9A3B-EAF7F28231BC}.Release|Any CPU.Build.0 = Release|Any CPU
	EndGlobalSection
	GlobalSection(SolutionProperties) = preSolution
		HideSolutionNode = FALSE
	EndGlobalSection
	GlobalSection(ExtensibilityGlobals) = postSolution
		SolutionGuid = {80A97E94-A2A6-446F-BD79-B890BB02A18A}
	EndGlobalSection
EndGlobal
