
Microsoft Visual Studio Solution File, Format Version 12.00
# Visual Studio Version 16
VisualStudioVersion = 16.0.31205.134
MinimumVisualStudioVersion = 10.0.40219.1
Project("{FAE04EC0-301F-11D3-BF4B-00C04F79EFBC}") = "AbstractClassDemo", "AbstractClassDemo\AbstractClassDemo.csproj", "{22895B44-2535-4609-B969-A2726C6DC00F}"
EndProject
Global
	GlobalSection(SolutionConfigurationPlatforms) = preSolution
		Debug|Any CPU = Debug|Any CPU
		Release|Any CPU = Release|Any CPU
	EndGlobalSection
	GlobalSection(ProjectConfigurationPlatforms) = postSolution
		{22895B44-2535-4609-B969-A2726C6DC00F}.Debug|Any CPU.ActiveCfg = Debug|Any CPU
		{22895B44-2535-4609-B969-A2726C6DC00F}.Debug|Any CPU.Build.0 = Debug|Any CPU
		{22895B44-2535-4609-B969-A2726C6DC00F}.Release|Any CPU.ActiveCfg = Release|Any CPU
		{22895B44-2535-4609-B969-A2726C6DC00F}.Release|Any CPU.Build.0 = Release|Any CPU
	EndGlobalSection
	GlobalSection(SolutionProperties) = preSolution
		HideSolutionNode = FALSE
	EndGlobalSection
	GlobalSection(ExtensibilityGlobals) = postSolution
		SolutionGuid = {32D7CB75-3CB8-4143-942C-0E500D17C28C}
	EndGlobalSection
EndGlobal
