
Microsoft Visual Studio Solution File, Format Version 12.00
# Visual Studio Version 16
VisualStudioVersion = 16.0.31321.278
MinimumVisualStudioVersion = 10.0.40219.1
Project("{FAE04EC0-301F-11D3-BF4B-00C04F79EFBC}") = "NewsletterAppMVC", "NewsletterAppMVC\NewsletterAppMVC.csproj", "{AFC26251-983E-4B5A-9B4A-60D41FAAB71D}"
EndProject
Global
	GlobalSection(SolutionConfigurationPlatforms) = preSolution
		Debug|Any CPU = Debug|Any CPU
		Release|Any CPU = Release|Any CPU
	EndGlobalSection
	GlobalSection(ProjectConfigurationPlatforms) = postSolution
		{AFC26251-983E-4B5A-9B4A-60D41FAAB71D}.Debug|Any CPU.ActiveCfg = Debug|Any CPU
		{AFC26251-983E-4B5A-9B4A-60D41FAAB71D}.Debug|Any CPU.Build.0 = Debug|Any CPU
		{AFC26251-983E-4B5A-9B4A-60D41FAAB71D}.Release|Any CPU.ActiveCfg = Release|Any CPU
		{AFC26251-983E-4B5A-9B4A-60D41FAAB71D}.Release|Any CPU.Build.0 = Release|Any CPU
	EndGlobalSection
	GlobalSection(SolutionProperties) = preSolution
		HideSolutionNode = FALSE
	EndGlobalSection
	GlobalSection(ExtensibilityGlobals) = postSolution
		SolutionGuid = {1D861A36-F0EE-428A-A0B8-BC1D5055917C}
	EndGlobalSection
EndGlobal
