
Microsoft Visual Studio Solution File, Format Version 12.00
# Visual Studio Version 16
VisualStudioVersion = 16.0.31205.134
MinimumVisualStudioVersion = 10.0.40219.1
Project("{FAE04EC0-301F-11D3-BF4B-00C04F79EFBC}") = "ClassMethods", "ClassMethods\ClassMethods.csproj", "{6DA720CA-F9A8-4718-B1D3-44BFEA66D186}"
EndProject
Global
	GlobalSection(SolutionConfigurationPlatforms) = preSolution
		Debug|Any CPU = Debug|Any CPU
		Release|Any CPU = Release|Any CPU
	EndGlobalSection
	GlobalSection(ProjectConfigurationPlatforms) = postSolution
		{6DA720CA-F9A8-4718-B1D3-44BFEA66D186}.Debug|Any CPU.ActiveCfg = Debug|Any CPU
		{6DA720CA-F9A8-4718-B1D3-44BFEA66D186}.Debug|Any CPU.Build.0 = Debug|Any CPU
		{6DA720CA-F9A8-4718-B1D3-44BFEA66D186}.Release|Any CPU.ActiveCfg = Release|Any CPU
		{6DA720CA-F9A8-4718-B1D3-44BFEA66D186}.Release|Any CPU.Build.0 = Release|Any CPU
	EndGlobalSection
	GlobalSection(SolutionProperties) = preSolution
		HideSolutionNode = FALSE
	EndGlobalSection
	GlobalSection(ExtensibilityGlobals) = postSolution
		SolutionGuid = {1E941A5A-91C4-4CD4-B77A-CDA3C6FAB91E}
	EndGlobalSection
EndGlobal
