
Microsoft Visual Studio Solution File, Format Version 12.00
# Visual Studio Version 16
VisualStudioVersion = 16.0.31205.134
MinimumVisualStudioVersion = 10.0.40219.1
Project("{FAE04EC0-301F-11D3-BF4B-00C04F79EFBC}") = "StructDemo", "StructDemo\StructDemo.csproj", "{11CADC1E-662C-4796-9963-A208498E40A0}"
EndProject
Global
	GlobalSection(SolutionConfigurationPlatforms) = preSolution
		Debug|Any CPU = Debug|Any CPU
		Release|Any CPU = Release|Any CPU
	EndGlobalSection
	GlobalSection(ProjectConfigurationPlatforms) = postSolution
		{11CADC1E-662C-4796-9963-A208498E40A0}.Debug|Any CPU.ActiveCfg = Debug|Any CPU
		{11CADC1E-662C-4796-9963-A208498E40A0}.Debug|Any CPU.Build.0 = Debug|Any CPU
		{11CADC1E-662C-4796-9963-A208498E40A0}.Release|Any CPU.ActiveCfg = Release|Any CPU
		{11CADC1E-662C-4796-9963-A208498E40A0}.Release|Any CPU.Build.0 = Release|Any CPU
	EndGlobalSection
	GlobalSection(SolutionProperties) = preSolution
		HideSolutionNode = FALSE
	EndGlobalSection
	GlobalSection(ExtensibilityGlobals) = postSolution
		SolutionGuid = {FC37C9B8-A801-4A05-80C2-37EAF27C79DF}
	EndGlobalSection
EndGlobal
