
Microsoft Visual Studio Solution File, Format Version 12.00
# Visual Studio Version 16
VisualStudioVersion = 16.0.31205.134
MinimumVisualStudioVersion = 10.0.40219.1
Project("{FAE04EC0-301F-11D3-BF4B-00C04F79EFBC}") = "Iteration", "Iteration\Iteration.csproj", "{FF4C37D9-E09E-4CB2-9BA2-E669BF8A06EE}"
EndProject
Global
	GlobalSection(SolutionConfigurationPlatforms) = preSolution
		Debug|Any CPU = Debug|Any CPU
		Release|Any CPU = Release|Any CPU
	EndGlobalSection
	GlobalSection(ProjectConfigurationPlatforms) = postSolution
		{FF4C37D9-E09E-4CB2-9BA2-E669BF8A06EE}.Debug|Any CPU.ActiveCfg = Debug|Any CPU
		{FF4C37D9-E09E-4CB2-9BA2-E669BF8A06EE}.Debug|Any CPU.Build.0 = Debug|Any CPU
		{FF4C37D9-E09E-4CB2-9BA2-E669BF8A06EE}.Release|Any CPU.ActiveCfg = Release|Any CPU
		{FF4C37D9-E09E-4CB2-9BA2-E669BF8A06EE}.Release|Any CPU.Build.0 = Release|Any CPU
	EndGlobalSection
	GlobalSection(SolutionProperties) = preSolution
		HideSolutionNode = FALSE
	EndGlobalSection
	GlobalSection(ExtensibilityGlobals) = postSolution
		SolutionGuid = {CB263A33-FD71-4E80-8EB5-90FFF589FB71}
	EndGlobalSection
EndGlobal
